
Microsoft Visual Studio Solution File, Format Version 12.00
# Visual Studio Version 16
VisualStudioVersion = 16.0.31624.102
MinimumVisualStudioVersion = 10.0.40219.1
Project("{8BC9CEB8-8B4A-11D0-8D11-00A0C91BC942}") = "gebruik_preprocessor", "gebruik_preprocessor.vcxproj", "{3EC63428-96E0-4370-9311-30D94884FE0B}"
EndProject
Global
	GlobalSection(SolutionConfigurationPlatforms) = preSolution
		Debug|x64 = Debug|x64
		Debug|x86 = Debug|x86
		Release|x64 = Release|x64
		Release|x86 = Release|x86
	EndGlobalSection
	GlobalSection(ProjectConfigurationPlatforms) = postSolution
		{3EC63428-96E0-4370-9311-30D94884FE0B}.Debug|x64.ActiveCfg = Debug|x64
		{3EC63428-96E0-4370-9311-30D94884FE0B}.Debug|x64.Build.0 = Debug|x64
		{3EC63428-96E0-4370-9311-30D94884FE0B}.Debug|x86.ActiveCfg = Debug|Win32
		{3EC63428-96E0-4370-9311-30D94884FE0B}.Debug|x86.Build.0 = Debug|Win32
		{3EC63428-96E0-4370-9311-30D94884FE0B}.Release|x64.ActiveCfg = Release|x64
		{3EC63428-96E0-4370-9311-30D94884FE0B}.Release|x64.Build.0 = Release|x64
		{3EC63428-96E0-4370-9311-30D94884FE0B}.Release|x86.ActiveCfg = Release|Win32
		{3EC63428-96E0-4370-9311-30D94884FE0B}.Release|x86.Build.0 = Release|Win32
	EndGlobalSection
	GlobalSection(SolutionProperties) = preSolution
		HideSolutionNode = FALSE
	EndGlobalSection
	GlobalSection(ExtensibilityGlobals) = postSolution
		SolutionGuid = {7E7E1B81-B9E2-4119-8294-02B0F7E5D0BE}
	EndGlobalSection
EndGlobal
