
Microsoft Visual Studio Solution File, Format Version 12.00
# Visual Studio Version 16
VisualStudioVersion = 16.0.30011.22
MinimumVisualStudioVersion = 10.0.40219.1
Project("{8BC9CEB8-8B4A-11D0-8D11-00A0C91BC942}") = "struct_artikel_typedef", "struct_artikel_typedef.vcxproj", "{ACC2B748-2BB9-440A-9B1A-E353E3A2D265}"
EndProject
Global
	GlobalSection(SolutionConfigurationPlatforms) = preSolution
		Debug|x64 = Debug|x64
		Debug|x86 = Debug|x86
		Release|x64 = Release|x64
		Release|x86 = Release|x86
	EndGlobalSection
	GlobalSection(ProjectConfigurationPlatforms) = postSolution
		{ACC2B748-2BB9-440A-9B1A-E353E3A2D265}.Debug|x64.ActiveCfg = Debug|x64
		{ACC2B748-2BB9-440A-9B1A-E353E3A2D265}.Debug|x64.Build.0 = Debug|x64
		{ACC2B748-2BB9-440A-9B1A-E353E3A2D265}.Debug|x86.ActiveCfg = Debug|Win32
		{ACC2B748-2BB9-440A-9B1A-E353E3A2D265}.Debug|x86.Build.0 = Debug|Win32
		{ACC2B748-2BB9-440A-9B1A-E353E3A2D265}.Release|x64.ActiveCfg = Release|x64
		{ACC2B748-2BB9-440A-9B1A-E353E3A2D265}.Release|x64.Build.0 = Release|x64
		{ACC2B748-2BB9-440A-9B1A-E353E3A2D265}.Release|x86.ActiveCfg = Release|Win32
		{ACC2B748-2BB9-440A-9B1A-E353E3A2D265}.Release|x86.Build.0 = Release|Win32
	EndGlobalSection
	GlobalSection(SolutionProperties) = preSolution
		HideSolutionNode = FALSE
	EndGlobalSection
	GlobalSection(ExtensibilityGlobals) = postSolution
		SolutionGuid = {C72D9893-A71E-49C7-900E-A5F1B6C8F1BD}
	EndGlobalSection
EndGlobal
